{
  "name": "testcode",
  "lockfileVersion": 2,
  "requires": true,
  "packages": {
    "": {
      "dependencies": {
        "@ninetailed/experience.js": "^2.2.8",
        "@ninetailed/experience.js-utils": "^2.2.8",
        "@ninetailed/experience.js-utils-contentful": "^2.2.8",
        "contentful": "^9.2.11"
      }
    },
    "node_modules/@analytics/cookie-utils": {
      "version": "0.2.10",
      "resolved": "https://registry.npmjs.org/@analytics/cookie-utils/-/cookie-utils-0.2.10.tgz",
      "integrity": "sha512-k7oyW1PkMCnEdCYmHCLLXAsKavQh5ZRh5EeugBEUTlPJs8x8ajF+W1T0PYVDS26Impkea1sJR2etv/6l2pKtlg==",
      "dependencies": {
        "@analytics/global-storage-utils": "^0.1.5"
      }
    },
    "node_modules/@analytics/core": {
      "version": "0.11.1",
      "resolved": "https://registry.npmjs.org/@analytics/core/-/core-0.11.1.tgz",
      "integrity": "sha512-vHuiMpeGV6jGRRoOuScUJ4CHpVd1Zu9M+fjEWgN+boMAxIwFCtRTkSbhhIP337JuEBLpMT8w37OxA4Yh3NZFZw==",
      "funding": [
        {
          "type": "GitHub Sponsors",
          "url": "https://github.com/sponsors/davidwells"
        }
      ],
      "dependencies": {
        "@analytics/global-storage-utils": "^0.1.5",
        "@analytics/type-utils": "^0.6.0",
        "analytics-utils": "^1.0.10"
      }
    },
    "node_modules/@analytics/global-storage-utils": {
      "version": "0.1.5",
      "resolved": "https://registry.npmjs.org/@analytics/global-storage-utils/-/global-storage-utils-0.1.5.tgz",
      "integrity": "sha512-DzOCd0qK7PGnz/dgBYNzLmaFBkxcEHM6/CpWMY7hel1IBUldMsyet4sdRgI2Nk+Wc6B/YvqVqos68p5ntB59zA==",
      "dependencies": {
        "@analytics/type-utils": "^0.6.0"
      }
    },
    "node_modules/@analytics/localstorage-utils": {
      "version": "0.1.8",
      "resolved": "https://registry.npmjs.org/@analytics/localstorage-utils/-/localstorage-utils-0.1.8.tgz",
      "integrity": "sha512-tU5rLEHdYRc4EmRXkWacMJSmu4SeJfQuxvthSHHRVx3hGBQ00MJRDGyDHMXcrLKQXrBpsJo6t/8YRavHLOxDPQ==",
      "dependencies": {
        "@analytics/global-storage-utils": "^0.1.5"
      }
    },
    "node_modules/@analytics/session-storage-utils": {
      "version": "0.0.5",
      "resolved": "https://registry.npmjs.org/@analytics/session-storage-utils/-/session-storage-utils-0.0.5.tgz",
      "integrity": "sha512-BXRNQ73GSkkkny//a/SNCYRyrIhEJBwOTcdNkr2gq6ghXgekQGrTfVzwybZ/tAEHA0XYkkaOszelRsDPxa+UOQ==",
      "dependencies": {
        "@analytics/global-storage-utils": "^0.1.5"
      }
    },
    "node_modules/@analytics/storage-utils": {
      "version": "0.4.0",
      "resolved": "https://registry.npmjs.org/@analytics/storage-utils/-/storage-utils-0.4.0.tgz",
      "integrity": "sha512-RY9nhoSQcuQxkmVUZBG3ULOwiFxi+H5N0WHn+FPUScnoM4b+tC48dWzyFxD9qKyWPah8/ndjCj6r+6wTGSl1zw==",
      "dependencies": {
        "@analytics/cookie-utils": "^0.2.10",
        "@analytics/global-storage-utils": "^0.1.5",
        "@analytics/localstorage-utils": "^0.1.8",
        "@analytics/session-storage-utils": "^0.0.5",
        "@analytics/type-utils": "^0.6.0"
      }
    },
    "node_modules/@analytics/type-utils": {
      "version": "0.6.0",
      "resolved": "https://registry.npmjs.org/@analytics/type-utils/-/type-utils-0.6.0.tgz",
      "integrity": "sha512-1Yw7u/COtxx06BfwlI+kVhsa/upKYzmCNrT4c8QDeCY2KMYlnijkUjtHiPU08HxyTIVB5j6d75O0YWVIHwQS8g=="
    },
    "node_modules/@ninetailed/experience.js": {
      "version": "2.2.8",
      "resolved": "https://registry.npmjs.org/@ninetailed/experience.js/-/experience.js-2.2.8.tgz",
      "integrity": "sha512-r3schxkDsEhoa06Wo5JxjU6H6vB3w3KoJIv5MuaNPt1b7FbvJ+fWbgVeuxGPZn6B5M/QgOQhJaO1PvDKZuwd+A==",
      "dependencies": {
        "@ninetailed/experience.js-shared": "2.2.8",
        "analytics": "^0.8.0",
        "diary": "^0.3.1",
        "i18n-iso-countries": "^7.3.0",
        "locale-enum": "^1.1.1",
        "lodash": "^4.17.21",
        "murmurhash-js": "^1.0.0",
        "ts-toolbelt": "^9.6.0",
        "uuid": "^8.3.2"
      }
    },
    "node_modules/@ninetailed/experience.js-shared": {
      "version": "2.2.8",
      "resolved": "https://registry.npmjs.org/@ninetailed/experience.js-shared/-/experience.js-shared-2.2.8.tgz",
      "integrity": "sha512-EybxgZcJhNc2LKgs+5naGAwH58W10oOuhi2+MgUDJpu8ERdP4HHBoFQoYXcOgR88huXk5ZRNl0HblaY1GR/m+Q==",
      "dependencies": {
        "i18n-iso-countries": "^7.3.0",
        "locale-enum": "^1.1.1",
        "ts-toolbelt": "^9.6.0",
        "uuid": "^8.3.2"
      }
    },
    "node_modules/@ninetailed/experience.js-utils": {
      "version": "2.2.8",
      "resolved": "https://registry.npmjs.org/@ninetailed/experience.js-utils/-/experience.js-utils-2.2.8.tgz",
      "integrity": "sha512-0BO8neox3gXWu5peqHxA7TfJ3tV78YukbFnb9iWw2PbQ9epXdZexW7xZGS1U5bI75aJtU5g4Y4w8ACZnf7Mjzg==",
      "dependencies": {
        "@ninetailed/experience.js": "2.2.8",
        "@ninetailed/experience.js-shared": "2.2.8",
        "analytics": "^0.8.0",
        "diary": "^0.3.1",
        "i18n-iso-countries": "^7.3.0",
        "locale-enum": "^1.1.1",
        "lodash": "^4.17.21",
        "murmurhash-js": "^1.0.0",
        "ts-toolbelt": "^9.6.0",
        "uuid": "^8.3.2",
        "zod": "^3.18.0"
      }
    },
    "node_modules/@ninetailed/experience.js-utils-contentful": {
      "version": "2.2.8",
      "resolved": "https://registry.npmjs.org/@ninetailed/experience.js-utils-contentful/-/experience.js-utils-contentful-2.2.8.tgz",
      "integrity": "sha512-htvSbIMTjSjD5tJfg4UI1CxNt4MlPl2Vk/LuTZIR771AROG4Skspspi+qgF6hb1r3aeQKhwFAc7NzCjeXWYhUA==",
      "dependencies": {
        "@ninetailed/experience.js": "2.2.8",
        "@ninetailed/experience.js-shared": "2.2.8",
        "@ninetailed/experience.js-utils": "2.2.8",
        "analytics": "^0.8.0",
        "diary": "^0.3.1",
        "i18n-iso-countries": "^7.3.0",
        "locale-enum": "^1.1.1",
        "lodash": "^4.17.21",
        "murmurhash-js": "^1.0.0",
        "ts-toolbelt": "^9.6.0",
        "uuid": "^8.3.2",
        "zod": "^3.18.0"
      },
      "peerDependencies": {
        "contentful": "^9.1.32"
      }
    },
    "node_modules/@types/dlv": {
      "version": "1.1.2",
      "resolved": "https://registry.npmjs.org/@types/dlv/-/dlv-1.1.2.tgz",
      "integrity": "sha512-OyiZ3jEKu7RtGO1yp9oOdK0cTwZ/10oE9PDJ6fyN3r9T5wkyOcvr6awdugjYdqF6KVO5eUvt7jx7rk2Eylufow==",
      "peer": true
    },
    "node_modules/analytics": {
      "version": "0.8.1",
      "resolved": "https://registry.npmjs.org/analytics/-/analytics-0.8.1.tgz",
      "integrity": "sha512-mXOe8zTGDfiYqw9MZsgul8HrOBmHsIwk/0xbrkGZr75yvWqAcyKfZA0WjOalwI9tzIKv8WNfHV5yhnrtQcXJpw==",
      "funding": [
        {
          "type": "GitHub Sponsors",
          "url": "https://github.com/sponsors/davidwells"
        }
      ],
      "dependencies": {
        "@analytics/core": "^0.11.1",
        "@analytics/storage-utils": "^0.4.0"
      }
    },
    "node_modules/analytics-utils": {
      "version": "1.0.10",
      "resolved": "https://registry.npmjs.org/analytics-utils/-/analytics-utils-1.0.10.tgz",
      "integrity": "sha512-ZKYKhip7Sf09qE85l4vZMBPR3fz6ISUTlwzkWSwJHbzLLzP5qrWQtcQlBcP9Pah7BMNSq8pqho+PX4ZKB014Yg==",
      "dependencies": {
        "@analytics/type-utils": "^0.6.0",
        "dlv": "^1.1.3"
      },
      "peerDependencies": {
        "@types/dlv": "^1.0.0"
      }
    },
    "node_modules/asynckit": {
      "version": "0.4.0",
      "resolved": "https://registry.npmjs.org/asynckit/-/asynckit-0.4.0.tgz",
      "integrity": "sha512-Oei9OH4tRh0YqU3GxhX79dM/mwVgvbZJaSNaRk+bshkj0S5cfHcgYakreBjrHwatXKbz+IoIdYLxrKim2MjW0Q=="
    },
    "node_modules/axios": {
      "version": "0.27.2",
      "resolved": "https://registry.npmjs.org/axios/-/axios-0.27.2.tgz",
      "integrity": "sha512-t+yRIyySRTp/wua5xEr+z1q60QmLq8ABsS5O9Me1AsE5dfKqgnCFzwiCZZ/cGNd1lq4/7akDWMxdhVlucjmnOQ==",
      "dependencies": {
        "follow-redirects": "^1.14.9",
        "form-data": "^4.0.0"
      }
    },
    "node_modules/call-bind": {
      "version": "1.0.2",
      "resolved": "https://registry.npmjs.org/call-bind/-/call-bind-1.0.2.tgz",
      "integrity": "sha512-7O+FbCihrB5WGbFYesctwmTKae6rOiIzmz1icreWJ+0aA7LJfuqhEso2T9ncpcFtzMQtzXf2QGGueWJGTYsqrA==",
      "dependencies": {
        "function-bind": "^1.1.1",
        "get-intrinsic": "^1.0.2"
      },
      "funding": {
        "url": "https://github.com/sponsors/ljharb"
      }
    },
    "node_modules/combined-stream": {
      "version": "1.0.8",
      "resolved": "https://registry.npmjs.org/combined-stream/-/combined-stream-1.0.8.tgz",
      "integrity": "sha512-FQN4MRfuJeHf7cBbBMJFXhKSDq+2kAArBlmRBvcvFE5BB1HZKXtSFASDhdlz9zOYwxh8lDdnvmMOe/+5cdoEdg==",
      "dependencies": {
        "delayed-stream": "~1.0.0"
      },
      "engines": {
        "node": ">= 0.8"
      }
    },
    "node_modules/contentful": {
      "version": "9.2.11",
      "resolved": "https://registry.npmjs.org/contentful/-/contentful-9.2.11.tgz",
      "integrity": "sha512-IKdxgwO930yGsTad22/E8szD2KHKaLQIDx+l18oH6PtzS9w0eV+EFBUbAkATGutUmnXR+kcj8IK9N7axyv/yCA==",
      "hasInstallScript": true,
      "dependencies": {
        "axios": "^0.27.0",
        "contentful-resolve-response": "^1.3.12",
        "contentful-sdk-core": "^7.0.4",
        "fast-copy": "^2.1.7",
        "json-stringify-safe": "^5.0.1"
      },
      "engines": {
        "node": ">=12"
      }
    },
    "node_modules/contentful-resolve-response": {
      "version": "1.3.12",
      "resolved": "https://registry.npmjs.org/contentful-resolve-response/-/contentful-resolve-response-1.3.12.tgz",
      "integrity": "sha512-fe2dsACyV3jzRjHcoeAa4bBt06YwkdsY+kdQwFCcdETyBQIxifuyGamIF4NmKcDqvZ9Yhw7ujjPCadzHb9jmKw==",
      "dependencies": {
        "fast-copy": "^2.1.7"
      },
      "engines": {
        "node": ">=4.7.2"
      }
    },
    "node_modules/contentful-sdk-core": {
      "version": "7.0.4",
      "resolved": "https://registry.npmjs.org/contentful-sdk-core/-/contentful-sdk-core-7.0.4.tgz",
      "integrity": "sha512-HwYdXmTsVh9rJOq+TA8CsY+vt6ivqkyJZpiEyVboZKIXAa83QmeVLAeBxK75+IiI9KpaPz7LCjVBXTGoTrhV7A==",
      "dependencies": {
        "fast-copy": "^2.1.7",
        "lodash.isplainobject": "^4.0.6",
        "lodash.isstring": "^4.0.1",
        "p-throttle": "^4.1.1",
        "qs": "^6.9.4"
      },
      "engines": {
        "node": ">=12"
      }
    },
    "node_modules/delayed-stream": {
      "version": "1.0.0",
      "resolved": "https://registry.npmjs.org/delayed-stream/-/delayed-stream-1.0.0.tgz",
      "integrity": "sha512-ZySD7Nf91aLB0RxL4KGrKHBXl7Eds1DAmEdcoVawXnLD7SDhpNgtuII2aAkg7a7QS41jxPSZ17p4VdGnMHk3MQ==",
      "engines": {
        "node": ">=0.4.0"
      }
    },
    "node_modules/diacritics": {
      "version": "1.3.0",
      "resolved": "https://registry.npmjs.org/diacritics/-/diacritics-1.3.0.tgz",
      "integrity": "sha512-wlwEkqcsaxvPJML+rDh/2iS824jbREk6DUMUKkEaSlxdYHeS43cClJtsWglvw2RfeXGm6ohKDqsXteJ5sP5enA=="
    },
    "node_modules/diary": {
      "version": "0.3.1",
      "resolved": "https://registry.npmjs.org/diary/-/diary-0.3.1.tgz",
      "integrity": "sha512-efOiQYa4S0fNbXs00dDq6wGPIlTCs2TCKDglL+bPhFnmV/4aPfv2mHJ6K3BXey5Fy+4mXNob7QtJYQVIxBpxQA=="
    },
    "node_modules/dlv": {
      "version": "1.1.3",
      "resolved": "https://registry.npmjs.org/dlv/-/dlv-1.1.3.tgz",
      "integrity": "sha512-+HlytyjlPKnIG8XuRG8WvmBP8xs8P71y+SKKS6ZXWoEgLuePxtDoUEiH7WkdePWrQ5JBpE6aoVqfZfJUQkjXwA=="
    },
    "node_modules/fast-copy": {
      "version": "2.1.7",
      "resolved": "https://registry.npmjs.org/fast-copy/-/fast-copy-2.1.7.tgz",
      "integrity": "sha512-ozrGwyuCTAy7YgFCua8rmqmytECYk/JYAMXcswOcm0qvGoE3tPb7ivBeIHTOK2DiapBhDZgacIhzhQIKU5TCfA=="
    },
    "node_modules/follow-redirects": {
      "version": "1.15.2",
      "resolved": "https://registry.npmjs.org/follow-redirects/-/follow-redirects-1.15.2.tgz",
      "integrity": "sha512-VQLG33o04KaQ8uYi2tVNbdrWp1QWxNNea+nmIB4EVM28v0hmP17z7aG1+wAkNzVq4KeXTq3221ye5qTJP91JwA==",
      "funding": [
        {
          "type": "individual",
          "url": "https://github.com/sponsors/RubenVerborgh"
        }
      ],
      "engines": {
        "node": ">=4.0"
      },
      "peerDependenciesMeta": {
        "debug": {
          "optional": true
        }
      }
    },
    "node_modules/form-data": {
      "version": "4.0.0",
      "resolved": "https://registry.npmjs.org/form-data/-/form-data-4.0.0.tgz",
      "integrity": "sha512-ETEklSGi5t0QMZuiXoA/Q6vcnxcLQP5vdugSpuAyi6SVGi2clPPp+xgEhuMaHC+zGgn31Kd235W35f7Hykkaww==",
      "dependencies": {
        "asynckit": "^0.4.0",
        "combined-stream": "^1.0.8",
        "mime-types": "^2.1.12"
      },
      "engines": {
        "node": ">= 6"
      }
    },
    "node_modules/function-bind": {
      "version": "1.1.1",
      "resolved": "https://registry.npmjs.org/function-bind/-/function-bind-1.1.1.tgz",
      "integrity": "sha512-yIovAzMX49sF8Yl58fSCWJ5svSLuaibPxXQJFLmBObTuCr0Mf1KiPopGM9NiFjiYBCbfaa2Fh6breQ6ANVTI0A=="
    },
    "node_modules/get-intrinsic": {
      "version": "1.1.3",
      "resolved": "https://registry.npmjs.org/get-intrinsic/-/get-intrinsic-1.1.3.tgz",
      "integrity": "sha512-QJVz1Tj7MS099PevUG5jvnt9tSkXN8K14dxQlikJuPt4uD9hHAHjLyLBiLR5zELelBdD9QNRAXZzsJx0WaDL9A==",
      "dependencies": {
        "function-bind": "^1.1.1",
        "has": "^1.0.3",
        "has-symbols": "^1.0.3"
      },
      "funding": {
        "url": "https://github.com/sponsors/ljharb"
      }
    },
    "node_modules/has": {
      "version": "1.0.3",
      "resolved": "https://registry.npmjs.org/has/-/has-1.0.3.tgz",
      "integrity": "sha512-f2dvO0VU6Oej7RkWJGrehjbzMAjFp5/VKPp5tTpWIV4JHHZK1/BxbFRtf/siA2SWTe09caDmVtYYzWEIbBS4zw==",
      "dependencies": {
        "function-bind": "^1.1.1"
      },
      "engines": {
        "node": ">= 0.4.0"
      }
    },
    "node_modules/has-symbols": {
      "version": "1.0.3",
      "resolved": "https://registry.npmjs.org/has-symbols/-/has-symbols-1.0.3.tgz",
      "integrity": "sha512-l3LCuF6MgDNwTDKkdYGEihYjt5pRPbEg46rtlmnSPlUbgmB8LOIrKJbYYFBSbnPaJexMKtiPO8hmeRjRz2Td+A==",
      "engines": {
        "node": ">= 0.4"
      },
      "funding": {
        "url": "https://github.com/sponsors/ljharb"
      }
    },
    "node_modules/i18n-iso-countries": {
      "version": "7.5.0",
      "resolved": "https://registry.npmjs.org/i18n-iso-countries/-/i18n-iso-countries-7.5.0.tgz",
      "integrity": "sha512-PtfKJNWLVhhU0KBX/8asmywjAcuyQk07mmmMwxFJcddTNBJJ1yvpY2qxVmyxbtVF+9+6eg9phgpv83XPUKU5CA==",
      "dependencies": {
        "diacritics": "1.3.0"
      },
      "engines": {
        "node": ">= 12"
      }
    },
    "node_modules/json-stringify-safe": {
      "version": "5.0.1",
      "resolved": "https://registry.npmjs.org/json-stringify-safe/-/json-stringify-safe-5.0.1.tgz",
      "integrity": "sha512-ZClg6AaYvamvYEE82d3Iyd3vSSIjQ+odgjaTzRuO3s7toCdFKczob2i0zCh7JE8kWn17yvAWhUVxvqGwUalsRA=="
    },
    "node_modules/locale-enum": {
      "version": "1.1.1",
      "resolved": "https://registry.npmjs.org/locale-enum/-/locale-enum-1.1.1.tgz",
      "integrity": "sha512-gkqMmpdD0lPLUtCx32t8bM2ltP3N+yCvD2RskLIAYUeXb+wPkb6iUEWTKSUd6F9TYgjIt67B/48qVaeeSjJVDQ=="
    },
    "node_modules/lodash": {
      "version": "4.17.21",
      "resolved": "https://registry.npmjs.org/lodash/-/lodash-4.17.21.tgz",
      "integrity": "sha512-v2kDEe57lecTulaDIuNTPy3Ry4gLGJ6Z1O3vE1krgXZNrsQ+LFTGHVxVjcXPs17LhbZVGedAJv8XZ1tvj5FvSg=="
    },
    "node_modules/lodash.isplainobject": {
      "version": "4.0.6",
      "resolved": "https://registry.npmjs.org/lodash.isplainobject/-/lodash.isplainobject-4.0.6.tgz",
      "integrity": "sha512-oSXzaWypCMHkPC3NvBEaPHf0KsA5mvPrOPgQWDsbg8n7orZ290M0BmC/jgRZ4vcJ6DTAhjrsSYgdsW/F+MFOBA=="
    },
    "node_modules/lodash.isstring": {
      "version": "4.0.1",
      "resolved": "https://registry.npmjs.org/lodash.isstring/-/lodash.isstring-4.0.1.tgz",
      "integrity": "sha512-0wJxfxH1wgO3GrbuP+dTTk7op+6L41QCXbGINEmD+ny/G/eCqGzxyCsh7159S+mgDDcoarnBw6PC1PS5+wUGgw=="
    },
    "node_modules/mime-db": {
      "version": "1.52.0",
      "resolved": "https://registry.npmjs.org/mime-db/-/mime-db-1.52.0.tgz",
      "integrity": "sha512-sPU4uV7dYlvtWJxwwxHD0PuihVNiE7TyAbQ5SWxDCB9mUYvOgroQOwYQQOKPJ8CIbE+1ETVlOoK1UC2nU3gYvg==",
      "engines": {
        "node": ">= 0.6"
      }
    },
    "node_modules/mime-types": {
      "version": "2.1.35",
      "resolved": "https://registry.npmjs.org/mime-types/-/mime-types-2.1.35.tgz",
      "integrity": "sha512-ZDY+bPm5zTTF+YpCrAU9nK0UgICYPT0QtT1NZWFv4s++TNkcgVaT0g6+4R2uI4MjQjzysHB1zxuWL50hzaeXiw==",
      "dependencies": {
        "mime-db": "1.52.0"
      },
      "engines": {
        "node": ">= 0.6"
      }
    },
    "node_modules/murmurhash-js": {
      "version": "1.0.0",
      "resolved": "https://registry.npmjs.org/murmurhash-js/-/murmurhash-js-1.0.0.tgz",
      "integrity": "sha512-TvmkNhkv8yct0SVBSy+o8wYzXjE4Zz3PCesbfs8HiCXXdcTuocApFv11UWlNFWKYsP2okqrhb7JNlSm9InBhIw=="
    },
    "node_modules/object-inspect": {
      "version": "1.12.2",
      "resolved": "https://registry.npmjs.org/object-inspect/-/object-inspect-1.12.2.tgz",
      "integrity": "sha512-z+cPxW0QGUp0mcqcsgQyLVRDoXFQbXOwBaqyF7VIgI4TWNQsDHrBpUQslRmIfAoYWdYzs6UlKJtB2XJpTaNSpQ==",
      "funding": {
        "url": "https://github.com/sponsors/ljharb"
      }
    },
    "node_modules/p-throttle": {
      "version": "4.1.1",
      "resolved": "https://registry.npmjs.org/p-throttle/-/p-throttle-4.1.1.tgz",
      "integrity": "sha512-TuU8Ato+pRTPJoDzYD4s7ocJYcNSEZRvlxoq3hcPI2kZDZ49IQ1Wkj7/gDJc3X7XiEAAvRGtDzdXJI0tC3IL1g==",
      "engines": {
        "node": ">=10"
      },
      "funding": {
        "url": "https://github.com/sponsors/sindresorhus"
      }
    },
    "node_modules/qs": {
      "version": "6.11.0",
      "resolved": "https://registry.npmjs.org/qs/-/qs-6.11.0.tgz",
      "integrity": "sha512-MvjoMCJwEarSbUYk5O+nmoSzSutSsTwF85zcHPQ9OrlFoZOYIjaqBAJIqIXjptyD5vThxGq52Xu/MaJzRkIk4Q==",
      "dependencies": {
        "side-channel": "^1.0.4"
      },
      "engines": {
        "node": ">=0.6"
      },
      "funding": {
        "url": "https://github.com/sponsors/ljharb"
      }
    },
    "node_modules/side-channel": {
      "version": "1.0.4",
      "resolved": "https://registry.npmjs.org/side-channel/-/side-channel-1.0.4.tgz",
      "integrity": "sha512-q5XPytqFEIKHkGdiMIrY10mvLRvnQh42/+GoBlFW3b2LXLE2xxJpZFdm94we0BaoV3RwJyGqg5wS7epxTv0Zvw==",
      "dependencies": {
        "call-bind": "^1.0.0",
        "get-intrinsic": "^1.0.2",
        "object-inspect": "^1.9.0"
      },
      "funding": {
        "url": "https://github.com/sponsors/ljharb"
      }
    },
    "node_modules/ts-toolbelt": {
      "version": "9.6.0",
      "resolved": "https://registry.npmjs.org/ts-toolbelt/-/ts-toolbelt-9.6.0.tgz",
      "integrity": "sha512-nsZd8ZeNUzukXPlJmTBwUAuABDe/9qtVDelJeT/qW0ow3ZS3BsQJtNkan1802aM9Uf68/Y8ljw86Hu0h5IUW3w=="
    },
    "node_modules/uuid": {
      "version": "8.3.2",
      "resolved": "https://registry.npmjs.org/uuid/-/uuid-8.3.2.tgz",
      "integrity": "sha512-+NYs2QeMWy+GWFOEm9xnn6HCDp0l7QBD7ml8zLUmJ+93Q5NF0NocErnwkTkXVFNiX3/fpC6afS8Dhb/gz7R7eg==",
      "bin": {
        "uuid": "dist/bin/uuid"
      }
    },
    "node_modules/zod": {
      "version": "3.19.1",
      "resolved": "https://registry.npmjs.org/zod/-/zod-3.19.1.tgz",
      "integrity": "sha512-LYjZsEDhCdYET9ikFu6dVPGp2YH9DegXjdJToSzD9rO6fy4qiRYFoyEYwps88OseJlPyl2NOe2iJuhEhL7IpEA==",
      "funding": {
        "url": "https://github.com/sponsors/colinhacks"
      }
    }
  },
  "dependencies": {
    "@analytics/cookie-utils": {
      "version": "0.2.10",
      "resolved": "https://registry.npmjs.org/@analytics/cookie-utils/-/cookie-utils-0.2.10.tgz",
      "integrity": "sha512-k7oyW1PkMCnEdCYmHCLLXAsKavQh5ZRh5EeugBEUTlPJs8x8ajF+W1T0PYVDS26Impkea1sJR2etv/6l2pKtlg==",
      "requires": {
        "@analytics/global-storage-utils": "^0.1.5"
      }
    },
    "@analytics/core": {
      "version": "0.11.1",
      "resolved": "https://registry.npmjs.org/@analytics/core/-/core-0.11.1.tgz",
      "integrity": "sha512-vHuiMpeGV6jGRRoOuScUJ4CHpVd1Zu9M+fjEWgN+boMAxIwFCtRTkSbhhIP337JuEBLpMT8w37OxA4Yh3NZFZw==",
      "requires": {
        "@analytics/global-storage-utils": "^0.1.5",
        "@analytics/type-utils": "^0.6.0",
        "analytics-utils": "^1.0.10"
      }
    },
    "@analytics/global-storage-utils": {
      "version": "0.1.5",
      "resolved": "https://registry.npmjs.org/@analytics/global-storage-utils/-/global-storage-utils-0.1.5.tgz",
      "integrity": "sha512-DzOCd0qK7PGnz/dgBYNzLmaFBkxcEHM6/CpWMY7hel1IBUldMsyet4sdRgI2Nk+Wc6B/YvqVqos68p5ntB59zA==",
      "requires": {
        "@analytics/type-utils": "^0.6.0"
      }
    },
    "@analytics/localstorage-utils": {
      "version": "0.1.8",
      "resolved": "https://registry.npmjs.org/@analytics/localstorage-utils/-/localstorage-utils-0.1.8.tgz",
      "integrity": "sha512-tU5rLEHdYRc4EmRXkWacMJSmu4SeJfQuxvthSHHRVx3hGBQ00MJRDGyDHMXcrLKQXrBpsJo6t/8YRavHLOxDPQ==",
      "requires": {
        "@analytics/global-storage-utils": "^0.1.5"
      }
    },
    "@analytics/session-storage-utils": {
      "version": "0.0.5",
      "resolved": "https://registry.npmjs.org/@analytics/session-storage-utils/-/session-storage-utils-0.0.5.tgz",
      "integrity": "sha512-BXRNQ73GSkkkny//a/SNCYRyrIhEJBwOTcdNkr2gq6ghXgekQGrTfVzwybZ/tAEHA0XYkkaOszelRsDPxa+UOQ==",
      "requires": {
        "@analytics/global-storage-utils": "^0.1.5"
      }
    },
    "@analytics/storage-utils": {
      "version": "0.4.0",
      "resolved": "https://registry.npmjs.org/@analytics/storage-utils/-/storage-utils-0.4.0.tgz",
      "integrity": "sha512-RY9nhoSQcuQxkmVUZBG3ULOwiFxi+H5N0WHn+FPUScnoM4b+tC48dWzyFxD9qKyWPah8/ndjCj6r+6wTGSl1zw==",
      "requires": {
        "@analytics/cookie-utils": "^0.2.10",
        "@analytics/global-storage-utils": "^0.1.5",
        "@analytics/localstorage-utils": "^0.1.8",
        "@analytics/session-storage-utils": "^0.0.5",
        "@analytics/type-utils": "^0.6.0"
      }
    },
    "@analytics/type-utils": {
      "version": "0.6.0",
      "resolved": "https://registry.npmjs.org/@analytics/type-utils/-/type-utils-0.6.0.tgz",
      "integrity": "sha512-1Yw7u/COtxx06BfwlI+kVhsa/upKYzmCNrT4c8QDeCY2KMYlnijkUjtHiPU08HxyTIVB5j6d75O0YWVIHwQS8g=="
    },
    "@ninetailed/experience.js": {
      "version": "2.2.8",
      "resolved": "https://registry.npmjs.org/@ninetailed/experience.js/-/experience.js-2.2.8.tgz",
      "integrity": "sha512-r3schxkDsEhoa06Wo5JxjU6H6vB3w3KoJIv5MuaNPt1b7FbvJ+fWbgVeuxGPZn6B5M/QgOQhJaO1PvDKZuwd+A==",
      "requires": {
        "@ninetailed/experience.js-shared": "2.2.8",
        "analytics": "^0.8.0",
        "diary": "^0.3.1",
        "i18n-iso-countries": "^7.3.0",
        "locale-enum": "^1.1.1",
        "lodash": "^4.17.21",
        "murmurhash-js": "^1.0.0",
        "ts-toolbelt": "^9.6.0",
        "uuid": "^8.3.2"
      }
    },
    "@ninetailed/experience.js-shared": {
      "version": "2.2.8",
      "resolved": "https://registry.npmjs.org/@ninetailed/experience.js-shared/-/experience.js-shared-2.2.8.tgz",
      "integrity": "sha512-EybxgZcJhNc2LKgs+5naGAwH58W10oOuhi2+MgUDJpu8ERdP4HHBoFQoYXcOgR88huXk5ZRNl0HblaY1GR/m+Q==",
      "requires": {
        "i18n-iso-countries": "^7.3.0",
        "locale-enum": "^1.1.1",
        "ts-toolbelt": "^9.6.0",
        "uuid": "^8.3.2"
      }
    },
    "@ninetailed/experience.js-utils": {
      "version": "2.2.8",
      "resolved": "https://registry.npmjs.org/@ninetailed/experience.js-utils/-/experience.js-utils-2.2.8.tgz",
      "integrity": "sha512-0BO8neox3gXWu5peqHxA7TfJ3tV78YukbFnb9iWw2PbQ9epXdZexW7xZGS1U5bI75aJtU5g4Y4w8ACZnf7Mjzg==",
      "requires": {
        "@ninetailed/experience.js": "2.2.8",
        "@ninetailed/experience.js-shared": "2.2.8",
        "analytics": "^0.8.0",
        "diary": "^0.3.1",
        "i18n-iso-countries": "^7.3.0",
        "locale-enum": "^1.1.1",
        "lodash": "^4.17.21",
        "murmurhash-js": "^1.0.0",
        "ts-toolbelt": "^9.6.0",
        "uuid": "^8.3.2",
        "zod": "^3.18.0"
      }
    },
    "@ninetailed/experience.js-utils-contentful": {
      "version": "2.2.8",
      "resolved": "https://registry.npmjs.org/@ninetailed/experience.js-utils-contentful/-/experience.js-utils-contentful-2.2.8.tgz",
      "integrity": "sha512-htvSbIMTjSjD5tJfg4UI1CxNt4MlPl2Vk/LuTZIR771AROG4Skspspi+qgF6hb1r3aeQKhwFAc7NzCjeXWYhUA==",
      "requires": {
        "@ninetailed/experience.js": "2.2.8",
        "@ninetailed/experience.js-shared": "2.2.8",
        "@ninetailed/experience.js-utils": "2.2.8",
        "analytics": "^0.8.0",
        "diary": "^0.3.1",
        "i18n-iso-countries": "^7.3.0",
        "locale-enum": "^1.1.1",
        "lodash": "^4.17.21",
        "murmurhash-js": "^1.0.0",
        "ts-toolbelt": "^9.6.0",
        "uuid": "^8.3.2",
        "zod": "^3.18.0"
      }
    },
    "@types/dlv": {
      "version": "1.1.2",
      "resolved": "https://registry.npmjs.org/@types/dlv/-/dlv-1.1.2.tgz",
      "integrity": "sha512-OyiZ3jEKu7RtGO1yp9oOdK0cTwZ/10oE9PDJ6fyN3r9T5wkyOcvr6awdugjYdqF6KVO5eUvt7jx7rk2Eylufow==",
      "peer": true
    },
    "analytics": {
      "version": "0.8.1",
      "resolved": "https://registry.npmjs.org/analytics/-/analytics-0.8.1.tgz",
      "integrity": "sha512-mXOe8zTGDfiYqw9MZsgul8HrOBmHsIwk/0xbrkGZr75yvWqAcyKfZA0WjOalwI9tzIKv8WNfHV5yhnrtQcXJpw==",
      "requires": {
        "@analytics/core": "^0.11.1",
        "@analytics/storage-utils": "^0.4.0"
      }
    },
    "analytics-utils": {
      "version": "1.0.10",
      "resolved": "https://registry.npmjs.org/analytics-utils/-/analytics-utils-1.0.10.tgz",
      "integrity": "sha512-ZKYKhip7Sf09qE85l4vZMBPR3fz6ISUTlwzkWSwJHbzLLzP5qrWQtcQlBcP9Pah7BMNSq8pqho+PX4ZKB014Yg==",
      "requires": {
        "@analytics/type-utils": "^0.6.0",
        "dlv": "^1.1.3"
      }
    },
    "asynckit": {
      "version": "0.4.0",
      "resolved": "https://registry.npmjs.org/asynckit/-/asynckit-0.4.0.tgz",
      "integrity": "sha512-Oei9OH4tRh0YqU3GxhX79dM/mwVgvbZJaSNaRk+bshkj0S5cfHcgYakreBjrHwatXKbz+IoIdYLxrKim2MjW0Q=="
    },
    "axios": {
      "version": "0.27.2",
      "resolved": "https://registry.npmjs.org/axios/-/axios-0.27.2.tgz",
      "integrity": "sha512-t+yRIyySRTp/wua5xEr+z1q60QmLq8ABsS5O9Me1AsE5dfKqgnCFzwiCZZ/cGNd1lq4/7akDWMxdhVlucjmnOQ==",
      "requires": {
        "follow-redirects": "^1.14.9",
        "form-data": "^4.0.0"
      }
    },
    "call-bind": {
      "version": "1.0.2",
      "resolved": "https://registry.npmjs.org/call-bind/-/call-bind-1.0.2.tgz",
      "integrity": "sha512-7O+FbCihrB5WGbFYesctwmTKae6rOiIzmz1icreWJ+0aA7LJfuqhEso2T9ncpcFtzMQtzXf2QGGueWJGTYsqrA==",
      "requires": {
        "function-bind": "^1.1.1",
        "get-intrinsic": "^1.0.2"
      }
    },
    "combined-stream": {
      "version": "1.0.8",
      "resolved": "https://registry.npmjs.org/combined-stream/-/combined-stream-1.0.8.tgz",
      "integrity": "sha512-FQN4MRfuJeHf7cBbBMJFXhKSDq+2kAArBlmRBvcvFE5BB1HZKXtSFASDhdlz9zOYwxh8lDdnvmMOe/+5cdoEdg==",
      "requires": {
        "delayed-stream": "~1.0.0"
      }
    },
    "contentful": {
      "version": "9.2.11",
      "resolved": "https://registry.npmjs.org/contentful/-/contentful-9.2.11.tgz",
      "integrity": "sha512-IKdxgwO930yGsTad22/E8szD2KHKaLQIDx+l18oH6PtzS9w0eV+EFBUbAkATGutUmnXR+kcj8IK9N7axyv/yCA==",
      "requires": {
        "axios": "^0.27.0",
        "contentful-resolve-response": "^1.3.12",
        "contentful-sdk-core": "^7.0.4",
        "fast-copy": "^2.1.7",
        "json-stringify-safe": "^5.0.1"
      }
    },
    "contentful-resolve-response": {
      "version": "1.3.12",
      "resolved": "https://registry.npmjs.org/contentful-resolve-response/-/contentful-resolve-response-1.3.12.tgz",
      "integrity": "sha512-fe2dsACyV3jzRjHcoeAa4bBt06YwkdsY+kdQwFCcdETyBQIxifuyGamIF4NmKcDqvZ9Yhw7ujjPCadzHb9jmKw==",
      "requires": {
        "fast-copy": "^2.1.7"
      }
    },
    "contentful-sdk-core": {
      "version": "7.0.4",
      "resolved": "https://registry.npmjs.org/contentful-sdk-core/-/contentful-sdk-core-7.0.4.tgz",
      "integrity": "sha512-HwYdXmTsVh9rJOq+TA8CsY+vt6ivqkyJZpiEyVboZKIXAa83QmeVLAeBxK75+IiI9KpaPz7LCjVBXTGoTrhV7A==",
      "requires": {
        "fast-copy": "^2.1.7",
        "lodash.isplainobject": "^4.0.6",
        "lodash.isstring": "^4.0.1",
        "p-throttle": "^4.1.1",
        "qs": "^6.9.4"
      }
    },
    "delayed-stream": {
      "version": "1.0.0",
      "resolved": "https://registry.npmjs.org/delayed-stream/-/delayed-stream-1.0.0.tgz",
      "integrity": "sha512-ZySD7Nf91aLB0RxL4KGrKHBXl7Eds1DAmEdcoVawXnLD7SDhpNgtuII2aAkg7a7QS41jxPSZ17p4VdGnMHk3MQ=="
    },
    "diacritics": {
      "version": "1.3.0",
      "resolved": "https://registry.npmjs.org/diacritics/-/diacritics-1.3.0.tgz",
      "integrity": "sha512-wlwEkqcsaxvPJML+rDh/2iS824jbREk6DUMUKkEaSlxdYHeS43cClJtsWglvw2RfeXGm6ohKDqsXteJ5sP5enA=="
    },
    "diary": {
      "version": "0.3.1",
      "resolved": "https://registry.npmjs.org/diary/-/diary-0.3.1.tgz",
      "integrity": "sha512-efOiQYa4S0fNbXs00dDq6wGPIlTCs2TCKDglL+bPhFnmV/4aPfv2mHJ6K3BXey5Fy+4mXNob7QtJYQVIxBpxQA=="
    },
    "dlv": {
      "version": "1.1.3",
      "resolved": "https://registry.npmjs.org/dlv/-/dlv-1.1.3.tgz",
      "integrity": "sha512-+HlytyjlPKnIG8XuRG8WvmBP8xs8P71y+SKKS6ZXWoEgLuePxtDoUEiH7WkdePWrQ5JBpE6aoVqfZfJUQkjXwA=="
    },
    "fast-copy": {
      "version": "2.1.7",
      "resolved": "https://registry.npmjs.org/fast-copy/-/fast-copy-2.1.7.tgz",
      "integrity": "sha512-ozrGwyuCTAy7YgFCua8rmqmytECYk/JYAMXcswOcm0qvGoE3tPb7ivBeIHTOK2DiapBhDZgacIhzhQIKU5TCfA=="
    },
    "follow-redirects": {
      "version": "1.15.2",
      "resolved": "https://registry.npmjs.org/follow-redirects/-/follow-redirects-1.15.2.tgz",
      "integrity": "sha512-VQLG33o04KaQ8uYi2tVNbdrWp1QWxNNea+nmIB4EVM28v0hmP17z7aG1+wAkNzVq4KeXTq3221ye5qTJP91JwA=="
    },
    "form-data": {
      "version": "4.0.0",
      "resolved": "https://registry.npmjs.org/form-data/-/form-data-4.0.0.tgz",
      "integrity": "sha512-ETEklSGi5t0QMZuiXoA/Q6vcnxcLQP5vdugSpuAyi6SVGi2clPPp+xgEhuMaHC+zGgn31Kd235W35f7Hykkaww==",
      "requires": {
        "asynckit": "^0.4.0",
        "combined-stream": "^1.0.8",
        "mime-types": "^2.1.12"
      }
    },
    "function-bind": {
      "version": "1.1.1",
      "resolved": "https://registry.npmjs.org/function-bind/-/function-bind-1.1.1.tgz",
      "integrity": "sha512-yIovAzMX49sF8Yl58fSCWJ5svSLuaibPxXQJFLmBObTuCr0Mf1KiPopGM9NiFjiYBCbfaa2Fh6breQ6ANVTI0A=="
    },
    "get-intrinsic": {
      "version": "1.1.3",
      "resolved": "https://registry.npmjs.org/get-intrinsic/-/get-intrinsic-1.1.3.tgz",
      "integrity": "sha512-QJVz1Tj7MS099PevUG5jvnt9tSkXN8K14dxQlikJuPt4uD9hHAHjLyLBiLR5zELelBdD9QNRAXZzsJx0WaDL9A==",
      "requires": {
        "function-bind": "^1.1.1",
        "has": "^1.0.3",
        "has-symbols": "^1.0.3"
      }
    },
    "has": {
      "version": "1.0.3",
      "resolved": "https://registry.npmjs.org/has/-/has-1.0.3.tgz",
      "integrity": "sha512-f2dvO0VU6Oej7RkWJGrehjbzMAjFp5/VKPp5tTpWIV4JHHZK1/BxbFRtf/siA2SWTe09caDmVtYYzWEIbBS4zw==",
      "requires": {
        "function-bind": "^1.1.1"
      }
    },
    "has-symbols": {
      "version": "1.0.3",
      "resolved": "https://registry.npmjs.org/has-symbols/-/has-symbols-1.0.3.tgz",
      "integrity": "sha512-l3LCuF6MgDNwTDKkdYGEihYjt5pRPbEg46rtlmnSPlUbgmB8LOIrKJbYYFBSbnPaJexMKtiPO8hmeRjRz2Td+A=="
    },
    "i18n-iso-countries": {
      "version": "7.5.0",
      "resolved": "https://registry.npmjs.org/i18n-iso-countries/-/i18n-iso-countries-7.5.0.tgz",
      "integrity": "sha512-PtfKJNWLVhhU0KBX/8asmywjAcuyQk07mmmMwxFJcddTNBJJ1yvpY2qxVmyxbtVF+9+6eg9phgpv83XPUKU5CA==",
      "requires": {
        "diacritics": "1.3.0"
      }
    },
    "json-stringify-safe": {
      "version": "5.0.1",
      "resolved": "https://registry.npmjs.org/json-stringify-safe/-/json-stringify-safe-5.0.1.tgz",
      "integrity": "sha512-ZClg6AaYvamvYEE82d3Iyd3vSSIjQ+odgjaTzRuO3s7toCdFKczob2i0zCh7JE8kWn17yvAWhUVxvqGwUalsRA=="
    },
    "locale-enum": {
      "version": "1.1.1",
      "resolved": "https://registry.npmjs.org/locale-enum/-/locale-enum-1.1.1.tgz",
      "integrity": "sha512-gkqMmpdD0lPLUtCx32t8bM2ltP3N+yCvD2RskLIAYUeXb+wPkb6iUEWTKSUd6F9TYgjIt67B/48qVaeeSjJVDQ=="
    },
    "lodash": {
      "version": "4.17.21",
      "resolved": "https://registry.npmjs.org/lodash/-/lodash-4.17.21.tgz",
      "integrity": "sha512-v2kDEe57lecTulaDIuNTPy3Ry4gLGJ6Z1O3vE1krgXZNrsQ+LFTGHVxVjcXPs17LhbZVGedAJv8XZ1tvj5FvSg=="
    },
    "lodash.isplainobject": {
      "version": "4.0.6",
      "resolved": "https://registry.npmjs.org/lodash.isplainobject/-/lodash.isplainobject-4.0.6.tgz",
      "integrity": "sha512-oSXzaWypCMHkPC3NvBEaPHf0KsA5mvPrOPgQWDsbg8n7orZ290M0BmC/jgRZ4vcJ6DTAhjrsSYgdsW/F+MFOBA=="
    },
    "lodash.isstring": {
      "version": "4.0.1",
      "resolved": "https://registry.npmjs.org/lodash.isstring/-/lodash.isstring-4.0.1.tgz",
      "integrity": "sha512-0wJxfxH1wgO3GrbuP+dTTk7op+6L41QCXbGINEmD+ny/G/eCqGzxyCsh7159S+mgDDcoarnBw6PC1PS5+wUGgw=="
    },
    "mime-db": {
      "version": "1.52.0",
      "resolved": "https://registry.npmjs.org/mime-db/-/mime-db-1.52.0.tgz",
      "integrity": "sha512-sPU4uV7dYlvtWJxwwxHD0PuihVNiE7TyAbQ5SWxDCB9mUYvOgroQOwYQQOKPJ8CIbE+1ETVlOoK1UC2nU3gYvg=="
    },
    "mime-types": {
      "version": "2.1.35",
      "resolved": "https://registry.npmjs.org/mime-types/-/mime-types-2.1.35.tgz",
      "integrity": "sha512-ZDY+bPm5zTTF+YpCrAU9nK0UgICYPT0QtT1NZWFv4s++TNkcgVaT0g6+4R2uI4MjQjzysHB1zxuWL50hzaeXiw==",
      "requires": {
        "mime-db": "1.52.0"
      }
    },
    "murmurhash-js": {
      "version": "1.0.0",
      "resolved": "https://registry.npmjs.org/murmurhash-js/-/murmurhash-js-1.0.0.tgz",
      "integrity": "sha512-TvmkNhkv8yct0SVBSy+o8wYzXjE4Zz3PCesbfs8HiCXXdcTuocApFv11UWlNFWKYsP2okqrhb7JNlSm9InBhIw=="
    },
    "object-inspect": {
      "version": "1.12.2",
      "resolved": "https://registry.npmjs.org/object-inspect/-/object-inspect-1.12.2.tgz",
      "integrity": "sha512-z+cPxW0QGUp0mcqcsgQyLVRDoXFQbXOwBaqyF7VIgI4TWNQsDHrBpUQslRmIfAoYWdYzs6UlKJtB2XJpTaNSpQ=="
    },
    "p-throttle": {
      "version": "4.1.1",
      "resolved": "https://registry.npmjs.org/p-throttle/-/p-throttle-4.1.1.tgz",
      "integrity": "sha512-TuU8Ato+pRTPJoDzYD4s7ocJYcNSEZRvlxoq3hcPI2kZDZ49IQ1Wkj7/gDJc3X7XiEAAvRGtDzdXJI0tC3IL1g=="
    },
    "qs": {
      "version": "6.11.0",
      "resolved": "https://registry.npmjs.org/qs/-/qs-6.11.0.tgz",
      "integrity": "sha512-MvjoMCJwEarSbUYk5O+nmoSzSutSsTwF85zcHPQ9OrlFoZOYIjaqBAJIqIXjptyD5vThxGq52Xu/MaJzRkIk4Q==",
      "requires": {
        "side-channel": "^1.0.4"
      }
    },
    "side-channel": {
      "version": "1.0.4",
      "resolved": "https://registry.npmjs.org/side-channel/-/side-channel-1.0.4.tgz",
      "integrity": "sha512-q5XPytqFEIKHkGdiMIrY10mvLRvnQh42/+GoBlFW3b2LXLE2xxJpZFdm94we0BaoV3RwJyGqg5wS7epxTv0Zvw==",
      "requires": {
        "call-bind": "^1.0.0",
        "get-intrinsic": "^1.0.2",
        "object-inspect": "^1.9.0"
      }
    },
    "ts-toolbelt": {
      "version": "9.6.0",
      "resolved": "https://registry.npmjs.org/ts-toolbelt/-/ts-toolbelt-9.6.0.tgz",
      "integrity": "sha512-nsZd8ZeNUzukXPlJmTBwUAuABDe/9qtVDelJeT/qW0ow3ZS3BsQJtNkan1802aM9Uf68/Y8ljw86Hu0h5IUW3w=="
    },
    "uuid": {
      "version": "8.3.2",
      "resolved": "https://registry.npmjs.org/uuid/-/uuid-8.3.2.tgz",
      "integrity": "sha512-+NYs2QeMWy+GWFOEm9xnn6HCDp0l7QBD7ml8zLUmJ+93Q5NF0NocErnwkTkXVFNiX3/fpC6afS8Dhb/gz7R7eg=="
    },
    "zod": {
      "version": "3.19.1",
      "resolved": "https://registry.npmjs.org/zod/-/zod-3.19.1.tgz",
      "integrity": "sha512-LYjZsEDhCdYET9ikFu6dVPGp2YH9DegXjdJToSzD9rO6fy4qiRYFoyEYwps88OseJlPyl2NOe2iJuhEhL7IpEA=="
    }
  }
}
